// !$*UTF8*$!
{
	archiveVersion = 1;
	classes = {
	};
	objectVersion = 50;
	objects = {

/* Begin PBXBuildFile section */
		85BF201722CEDB9D00E1EEDE /* AppDelegate.swift in Sources */ = {isa = PBXBuildFile; fileRef = 85BF201622CEDB9D00E1EEDE /* AppDelegate.swift */; };
		85BF201922CEDB9D00E1EEDE /* CategoryViewController.swift in Sources */ = {isa = PBXBuildFile; fileRef = 85BF201822CEDB9D00E1EEDE /* CategoryViewController.swift */; };
		85BF201C22CEDB9D00E1EEDE /* Main.storyboard in Resources */ = {isa = PBXBuildFile; fileRef = 85BF201A22CEDB9D00E1EEDE /* Main.storyboard */; };
		85BF201F22CEDB9D00E1EEDE /* Notey.xcdatamodeld in Sources */ = {isa = PBXBuildFile; fileRef = 85BF201D22CEDB9D00E1EEDE /* Notey.xcdatamodeld */; };
		85BF202122CEDB9F00E1EEDE /* Assets.xcassets in Resources */ = {isa = PBXBuildFile; fileRef = 85BF202022CEDB9F00E1EEDE /* Assets.xcassets */; };
		85BF202422CEDB9F00E1EEDE /* LaunchScreen.storyboard in Resources */ = {isa = PBXBuildFile; fileRef = 85BF202222CEDB9F00E1EEDE /* LaunchScreen.storyboard */; };
		85BF202E22CFBF8E00E1EEDE /* NotebookViewController.swift in Sources */ = {isa = PBXBuildFile; fileRef = 85BF202D22CFBF8E00E1EEDE /* NotebookViewController.swift */; };
/* End PBXBuildFile section */

/* Begin PBXFileReference section */
		85BF201322CEDB9D00E1EEDE /* Notey.app */ = {isa = PBXFileReference; explicitFileType = wrapper.application; includeInIndex = 0; path = Notey.app; sourceTree = BUILT_PRODUCTS_DIR; };
		85BF201622CEDB9D00E1EEDE /* AppDelegate.swift */ = {isa = PBXFileReference; lastKnownFileType = sourcecode.swift; path = AppDelegate.swift; sourceTree = "<group>"; };
		85BF201822CEDB9D00E1EEDE /* CategoryViewController.swift */ = {isa = PBXFileReference; lastKnownFileType = sourcecode.swift; path = CategoryViewController.swift; sourceTree = "<group>"; };
		85BF201B22CEDB9D00E1EEDE /* Base */ = {isa = PBXFileReference; lastKnownFileType = file.storyboard; name = Base; path = Base.lproj/Main.storyboard; sourceTree = "<group>"; };
		85BF201E22CEDB9D00E1EEDE /* Notey.xcdatamodel */ = {isa = PBXFileReference; lastKnownFileType = wrapper.xcdatamodel; path = Notey.xcdatamodel; sourceTree = "<group>"; };
		85BF202022CEDB9F00E1EEDE /* Assets.xcassets */ = {isa = PBXFileReference; lastKnownFileType = folder.assetcatalog; path = Assets.xcassets; sourceTree = "<group>"; };
		85BF202322CEDB9F00E1EEDE /* Base */ = {isa = PBXFileReference; lastKnownFileType = file.storyboard; name = Base; path = Base.lproj/LaunchScreen.storyboard; sourceTree = "<group>"; };
		85BF202522CEDB9F00E1EEDE /* Info.plist */ = {isa = PBXFileReference; lastKnownFileType = text.plist.xml; path = Info.plist; sourceTree = "<group>"; };
		85BF202D22CFBF8E00E1EEDE /* NotebookViewController.swift */ = {isa = PBXFileReference; lastKnownFileType = sourcecode.swift; path = NotebookViewController.swift; sourceTree = "<group>"; };
/* End PBXFileReference section */

/* Begin PBXFrameworksBuildPhase section */
		85BF201022CEDB9D00E1EEDE /* Frameworks */ = {
			isa = PBXFrameworksBuildPhase;
			buildActionMask = 2147483647;
			files = (
			);
			runOnlyForDeploymentPostprocessing = 0;
		};
/* End PBXFrameworksBuildPhase section */

/* Begin PBXGroup section */
		85BF200A22CEDB9D00E1EEDE = {
			isa = PBXGroup;
			children = (
				85BF201522CEDB9D00E1EEDE /* Notey */,
				85BF201422CEDB9D00E1EEDE /* Products */,
			);
			sourceTree = "<group>";
		};
		85BF201422CEDB9D00E1EEDE /* Products */ = {
			isa = PBXGroup;
			children = (
				85BF201322CEDB9D00E1EEDE /* Notey.app */,
			);
			name = Products;
			sourceTree = "<group>";
		};
		85BF201522CEDB9D00E1EEDE /* Notey */ = {
			isa = PBXGroup;
			children = (
				85BF202C22CEDBE100E1EEDE /* Controllers */,
				85BF202B22CEDBD400E1EEDE /* Views */,
				85BF202022CEDB9F00E1EEDE /* Assets.xcassets */,
				85BF202522CEDB9F00E1EEDE /* Info.plist */,
				85BF201D22CEDB9D00E1EEDE /* Notey.xcdatamodeld */,
			);
			path = Notey;
			sourceTree = "<group>";
		};
		85BF202B22CEDBD400E1EEDE /* Views */ = {
			isa = PBXGroup;
			children = (
				85BF202222CEDB9F00E1EEDE /* LaunchScreen.storyboard */,
				85BF201A22CEDB9D00E1EEDE /* Main.storyboard */,
			);
			path = Views;
			sourceTree = "<group>";
		};
		85BF202C22CEDBE100E1EEDE /* Controllers */ = {
			isa = PBXGroup;
			children = (
				85BF201622CEDB9D00E1EEDE /* AppDelegate.swift */,
				85BF201822CEDB9D00E1EEDE /* CategoryViewController.swift */,
				85BF202D22CFBF8E00E1EEDE /* NotebookViewController.swift */,
			);
			path = Controllers;
			sourceTree = "<group>";
		};
/* End PBXGroup section */

/* Begin PBXNativeTarget section */
		85BF201222CEDB9D00E1EEDE /* Notey */ = {
			isa = PBXNativeTarget;
			buildConfigurationList = 85BF202822CEDB9F00E1EEDE /* Build configuration list for PBXNativeTarget "Notey" */;
			buildPhases = (
				85BF200F22CEDB9D00E1EEDE /* Sources */,
				85BF201022CEDB9D00E1EEDE /* Frameworks */,
				85BF201122CEDB9D00E1EEDE /* Resources */,
			);
			buildRules = (
			);
			dependencies = (
			);
			name = Notey;
			productName = Notey;
			productReference = 85BF201322CEDB9D00E1EEDE /* Notey.app */;
			productType = "com.apple.product-type.application";
		};
/* End PBXNativeTarget section */

/* Begin PBXProject section */
		85BF200B22CEDB9D00E1EEDE /* Project object */ = {
			isa = PBXProject;
			attributes = {
				LastSwiftUpdateCheck = 1020;
				LastUpgradeCheck = 1020;
				ORGANIZATIONNAME = "Mike Hartwell";
				TargetAttributes = {
					85BF201222CEDB9D00E1EEDE = {
						CreatedOnToolsVersion = 10.2.1;
					};
				};
			};
			buildConfigurationList = 85BF200E22CEDB9D00E1EEDE /* Build configuration list for PBXProject "Notey" */;
			compatibilityVersion = "Xcode 9.3";
			developmentRegion = en;
			hasScannedForEncodings = 0;
			knownRegions = (
				en,
				Base,
			);
			mainGroup = 85BF200A22CEDB9D00E1EEDE;
			productRefGroup = 85BF201422CEDB9D00E1EEDE /* Products */;
			projectDirPath = "";
			projectRoot = "";
			targets = (
				85BF201222CEDB9D00E1EEDE /* Notey */,
			);
		};
/* End PBXProject section */

/* Begin PBXResourcesBuildPhase section */
		85BF201122CEDB9D00E1EEDE /* Resources */ = {
			isa = PBXResourcesBuildPhase;
			buildActionMask = 2147483647;
			files = (
				85BF202422CEDB9F00E1EEDE /* LaunchScreen.storyboard in Resources */,
				85BF202122CEDB9F00E1EEDE /* Assets.xcassets in Resources */,
				85BF201C22CEDB9D00E1EEDE /* Main.storyboard in Resources */,
			);
			runOnlyForDeploymentPostprocessing = 0;
		};
/* End PBXResourcesBuildPhase section */

/* Begin PBXSourcesBuildPhase section */
		85BF200F22CEDB9D00E1EEDE /* Sources */ = {
			isa = PBXSourcesBuildPhase;
			buildActionMask = 2147483647;
			files = (
				85BF201922CEDB9D00E1EEDE /* CategoryViewController.swift in Sources */,
				85BF201722CEDB9D00E1EEDE /* AppDelegate.swift in Sources */,
				85BF201F22CEDB9D00E1EEDE /* Notey.xcdatamodeld in Sources */,
				85BF202E22CFBF8E00E1EEDE /* NotebookViewController.swift in Sources */,
			);
			runOnlyForDeploymentPostprocessing = 0;
		};
/* End PBXSourcesBuildPhase section */

/* Begin PBXVariantGroup section */
		85BF201A22CEDB9D00E1EEDE /* Main.storyboard */ = {
			isa = PBXVariantGroup;
			children = (
				85BF201B22CEDB9D00E1EEDE /* Base */,
			);
			name = Main.storyboard;
			sourceTree = "<group>";
		};
		85BF202222CEDB9F00E1EEDE /* LaunchScreen.storyboard */ = {
			isa = PBXVariantGroup;
			children = (
				85BF202322CEDB9F00E1EEDE /* Base */,
			);
			name = LaunchScreen.storyboard;
			sourceTree = "<group>";
		};
/* End PBXVariantGroup section */

/* Begin XCBuildConfiguration section */
		85BF202622CEDB9F00E1EEDE /* Debug */ = {
			isa = XCBuildConfiguration;
			buildSettings = {
				ALWAYS_SEARCH_USER_PATHS = NO;
				CLANG_ANALYZER_NONNULL = YES;
				CLANG_ANALYZER_NUMBER_OBJECT_CONVERSION = YES_AGGRESSIVE;
				CLANG_CXX_LANGUAGE_STANDARD = "gnu++14";
				CLANG_CXX_LIBRARY = "libc++";
				CLANG_ENABLE_MODULES = YES;
				CLANG_ENABLE_OBJC_ARC = YES;
				CLANG_ENABLE_OBJC_WEAK = YES;
				CLANG_WARN_BLOCK_CAPTURE_AUTORELEASING = YES;
				CLANG_WARN_BOOL_CONVERSION = YES;
				CLANG_WARN_COMMA = YES;
				CLANG_WARN_CONSTANT_CONVERSION = YES;
				CLANG_WARN_DEPRECATED_OBJC_IMPLEMENTATIONS = YES;
				CLANG_WARN_DIRECT_OBJC_ISA_USAGE = YES_ERROR;
				CLANG_WARN_DOCUMENTATION_COMMENTS = YES;
				CLANG_WARN_EMPTY_BODY = YES;
				CLANG_WARN_ENUM_CONVERSION = YES;
				CLANG_WARN_INFINITE_RECURSION = YES;
				CLANG_WARN_INT_CONVERSION = YES;
				CLANG_WARN_NON_LITERAL_NULL_CONVERSION = YES;
				CLANG_WARN_OBJC_IMPLICIT_RETAIN_SELF = YES;
				CLANG_WARN_OBJC_LITERAL_CONVERSION = YES;
				CLANG_WARN_OBJC_ROOT_CLASS = YES_ERROR;
				CLANG_WARN_RANGE_LOOP_ANALYSIS = YES;
				CLANG_WARN_STRICT_PROTOTYPES = YES;
				CLANG_WARN_SUSPICIOUS_MOVE = YES;
				CLANG_WARN_UNGUARDED_AVAILABILITY = YES_AGGRESSIVE;
				CLANG_WARN_UNREACHABLE_CODE = YES;
				CLANG_WARN__DUPLICATE_METHOD_MATCH = YES;
				CODE_SIGN_IDENTITY = "iPhone Developer";
				COPY_PHASE_STRIP = NO;
				DEBUG_INFORMATION_FORMAT = dwarf;
				ENABLE_STRICT_OBJC_MSGSEND = YES;
				ENABLE_TESTABILITY = YES;
				GCC_C_LANGUAGE_STANDARD = gnu11;
				GCC_DYNAMIC_NO_PIC = NO;
				GCC_NO_COMMON_BLOCKS = YES;
				GCC_OPTIMIZATION_LEVEL = 0;
				GCC_PREPROCESSOR_DEFINITIONS = (
					"DEBUG=1",
					"$(inherited)",
				);
				GCC_WARN_64_TO_32_BIT_CONVERSION = YES;
				GCC_WARN_ABOUT_RETURN_TYPE = YES_ERROR;
				GCC_WARN_UNDECLARED_SELECTOR = YES;
				GCC_WARN_UNINITIALIZED_AUTOS = YES_AGGRESSIVE;
				GCC_WARN_UNUSED_FUNCTION = YES;
				GCC_WARN_UNUSED_VARIABLE = YES;
				IPHONEOS_DEPLOYMENT_TARGET = 12.2;
				MTL_ENABLE_DEBUG_INFO = INCLUDE_SOURCE;
				MTL_FAST_MATH = YES;
				ONLY_ACTIVE_ARCH = YES;
				SDKROOT = iphoneos;
				SWIFT_ACTIVE_COMPILATION_CONDITIONS = DEBUG;
				SWIFT_OPTIMIZATION_LEVEL = "-Onone";
			};
			name = Debug;
		};
		85BF202722CEDB9F00E1EEDE /* Release */ = {
			isa = XCBuildConfiguration;
			buildSettings = {
				ALWAYS_SEARCH_USER_PATHS = NO;
				CLANG_ANALYZER_NONNULL = YES;
				CLANG_ANALYZER_NUMBER_OBJECT_CONVERSION = YES_AGGRESSIVE;
				CLANG_CXX_LANGUAGE_STANDARD = "gnu++14";
				CLANG_CXX_LIBRARY = "libc++";
				CLANG_ENABLE_MODULES = YES;
				CLANG_ENABLE_OBJC_ARC = YES;
				CLANG_ENABLE_OBJC_WEAK = YES;
				CLANG_WARN_BLOCK_CAPTURE_AUTORELEASING = YES;
				CLANG_WARN_BOOL_CONVERSION = YES;
				CLANG_WARN_COMMA = YES;
				CLANG_WARN_CONSTANT_CONVERSION = YES;
				CLANG_WARN_DEPRECATED_OBJC_IMPLEMENTATIONS = YES;
				CLANG_WARN_DIRECT_OBJC_ISA_USAGE = YES_ERROR;
				CLANG_WARN_DOCUMENTATION_COMMENTS = YES;
				CLANG_WARN_EMPTY_BODY = YES;
				CLANG_WARN_ENUM_CONVERSION = YES;
				CLANG_WARN_INFINITE_RECURSION = YES;
				CLANG_WARN_INT_CONVERSION = YES;
				CLANG_WARN_NON_LITERAL_NULL_CONVERSION = YES;
				CLANG_WARN_OBJC_IMPLICIT_RETAIN_SELF = YES;
				CLANG_WARN_OBJC_LITERAL_CONVERSION = YES;
				CLANG_WARN_OBJC_ROOT_CLASS = YES_ERROR;
				CLANG_WARN_RANGE_LOOP_ANALYSIS = YES;
				CLANG_WARN_STRICT_PROTOTYPES = YES;
				CLANG_WARN_SUSPICIOUS_MOVE = YES;
				CLANG_WARN_UNGUARDED_AVAILABILITY = YES_AGGRESSIVE;
				CLANG_WARN_UNREACHABLE_CODE = YES;
				CLANG_WARN__DUPLICATE_METHOD_MATCH = YES;
				CODE_SIGN_IDENTITY = "iPhone Developer";
				COPY_PHASE_STRIP = NO;
				DEBUG_INFORMATION_FORMAT = "dwarf-with-dsym";
				ENABLE_NS_ASSERTIONS = NO;
				ENABLE_STRICT_OBJC_MSGSEND = YES;
				GCC_C_LANGUAGE_STANDARD = gnu11;
				GCC_NO_COMMON_BLOCKS = YES;
				GCC_WARN_64_TO_32_BIT_CONVERSION = YES;
				GCC_WARN_ABOUT_RETURN_TYPE = YES_ERROR;
				GCC_WARN_UNDECLARED_SELECTOR = YES;
				GCC_WARN_UNINITIALIZED_AUTOS = YES_AGGRESSIVE;
				GCC_WARN_UNUSED_FUNCTION = YES;
				GCC_WARN_UNUSED_VARIABLE = YES;
				IPHONEOS_DEPLOYMENT_TARGET = 12.2;
				MTL_ENABLE_DEBUG_INFO = NO;
				MTL_FAST_MATH = YES;
				SDKROOT = iphoneos;
				SWIFT_COMPILATION_MODE = wholemodule;
				SWIFT_OPTIMIZATION_LEVEL = "-O";
				VALIDATE_PRODUCT = YES;
			};
			name = Release;
		};
		85BF202922CEDB9F00E1EEDE /* Debug */ = {
			isa = XCBuildConfiguration;
			buildSettings = {
				ASSETCATALOG_COMPILER_APPICON_NAME = AppIcon;
				CODE_SIGN_STYLE = Automatic;
				INFOPLIST_FILE = Notey/Info.plist;
				LD_RUNPATH_SEARCH_PATHS = (
					"$(inherited)",
					"@executable_path/Frameworks",
				);
				PRODUCT_BUNDLE_IDENTIFIER = com.mike.hartwell.Notey;
				PRODUCT_NAME = "$(TARGET_NAME)";
				SWIFT_VERSION = 5.0;
				TARGETED_DEVICE_FAMILY = "1,2";
			};
			name = Debug;
		};
		85BF202A22CEDB9F00E1EEDE /* Release */ = {
			isa = XCBuildConfiguration;
			buildSettings = {
				ASSETCATALOG_COMPILER_APPICON_NAME = AppIcon;
				CODE_SIGN_STYLE = Automatic;
				INFOPLIST_FILE = Notey/Info.plist;
				LD_RUNPATH_SEARCH_PATHS = (
					"$(inherited)",
					"@executable_path/Frameworks",
				);
				PRODUCT_BUNDLE_IDENTIFIER = com.mike.hartwell.Notey;
				PRODUCT_NAME = "$(TARGET_NAME)";
				SWIFT_VERSION = 5.0;
				TARGETED_DEVICE_FAMILY = "1,2";
			};
			name = Release;
		};
/* End XCBuildConfiguration section */

/* Begin XCConfigurationList section */
		85BF200E22CEDB9D00E1EEDE /* Build configuration list for PBXProject "Notey" */ = {
			isa = XCConfigurationList;
			buildConfigurations = (
				85BF202622CEDB9F00E1EEDE /* Debug */,
				85BF202722CEDB9F00E1EEDE /* Release */,
			);
			defaultConfigurationIsVisible = 0;
			defaultConfigurationName = Release;
		};
		85BF202822CEDB9F00E1EEDE /* Build configuration list for PBXNativeTarget "Notey" */ = {
			isa = XCConfigurationList;
			buildConfigurations = (
				85BF202922CEDB9F00E1EEDE /* Debug */,
				85BF202A22CEDB9F00E1EEDE /* Release */,
			);
			defaultConfigurationIsVisible = 0;
			defaultConfigurationName = Release;
		};
/* End XCConfigurationList section */

/* Begin XCVersionGroup section */
		85BF201D22CEDB9D00E1EEDE /* Notey.xcdatamodeld */ = {
			isa = XCVersionGroup;
			children = (
				85BF201E22CEDB9D00E1EEDE /* Notey.xcdatamodel */,
			);
			currentVersion = 85BF201E22CEDB9D00E1EEDE /* Notey.xcdatamodel */;
			path = Notey.xcdatamodeld;
			sourceTree = "<group>";
			versionGroupType = wrapper.xcdatamodel;
		};
/* End XCVersionGroup section */
	};
	rootObject = 85BF200B22CEDB9D00E1EEDE /* Project object */;
}
